<?xml version="1.0" encoding="utf-8"?>
<Project ToolsVersion="4.0" xmlns="http://schemas.microsoft.com/developer/msbuild/2003">
  <ItemGroup>
    <Filter Include="ソース ファイル">
      <UniqueIdentifier>{4FC737F1-C7A5-4376-A066-2A32D752A2FF}</UniqueIdentifier>
      <Extensions>cpp;c;cc;cxx;def;odl;idl;hpj;bat;asm;asmx</Extensions>
    </Filter>
    <Filter Include="ヘッダー ファイル">
      <UniqueIdentifier>{93995380-89BD-4b04-88EB-625FBE52EBFB}</UniqueIdentifier>
      <Extensions>h;hh;hpp;hxx;hm;inl;inc;xsd</Extensions>
    </Filter>
    <Filter Include="リソース ファイル">
      <UniqueIdentifier>{67DA6AB6-F800-4c08-8B7A-83BB121AAD01}</UniqueIdentifier>
      <Extensions>rc;ico;cur;bmp;dlg;rc2;rct;bin;rgs;gif;jpg;jpeg;jpe;resx;tiff;tif;png;wav;mfcribbon-ms</Extensions>
    </Filter>
    <Filter Include="ソース ファイル\Game">
      <UniqueIdentifier>{0eb3bec3-3778-4cd8-9514-7fe6216a34a0}</UniqueIdentifier>
    </Filter>
    <Filter Include="ソース ファイル\System">
      <UniqueIdentifier>{98a12462-9153-4dff-a942-1545320bdaa2}</UniqueIdentifier>
    </Filter>
    <Filter Include="ソース ファイル\Result">
      <UniqueIdentifier>{daa85c1f-8bf1-41b5-b95f-dc80ce598947}</UniqueIdentifier>
    </Filter>
    <Filter Include="ソース ファイル\Title">
      <UniqueIdentifier>{5aeb9deb-6006-47ab-9de3-3df15142acc8}</UniqueIdentifier>
    </Filter>
    <Filter Include="ソース ファイル\Game\Object">
      <UniqueIdentifier>{6b3000f2-a9c2-4f40-abbb-be4723fd6d15}</UniqueIdentifier>
    </Filter>
    <Filter Include="ソース ファイル\Resource">
      <UniqueIdentifier>{db44d4bb-0ec2-4c44-b9f6-b30119a63e34}</UniqueIdentifier>
    </Filter>
    <Filter Include="ソース ファイル\Game\Other">
      <UniqueIdentifier>{0ced7ea5-0ab3-4ade-b4df-85c084b49740}</UniqueIdentifier>
    </Filter>
  </ItemGroup>
  <ItemGroup>
    <ClCompile Include="main.cpp">
      <Filter>ソース ファイル</Filter>
    </ClCompile>
    <ClCompile Include="GameMgr.cpp">
      <Filter>ソース ファイル\Game</Filter>
    </ClCompile>
    <ClCompile Include="key.cpp">
      <Filter>ソース ファイル\System</Filter>
    </ClCompile>
    <ClCompile Include="Title.cpp">
      <Filter>ソース ファイル\Title</Filter>
    </ClCompile>
    <ClCompile Include="state.cpp">
      <Filter>ソース ファイル\System</Filter>
    </ClCompile>
    <ClCompile Include="Result.cpp">
      <Filter>ソース ファイル\Result</Filter>
    </ClCompile>
    <ClCompile Include="class.cpp">
      <Filter>ソース ファイル\Game</Filter>
    </ClCompile>
    <ClCompile Include="StateBase.cpp">
      <Filter>ソース ファイル\System</Filter>
    </ClCompile>
    <ClCompile Include="phadeout.cpp">
      <Filter>ソース ファイル\System</Filter>
    </ClCompile>
    <ClCompile Include="GV.cpp">
      <Filter>ソース ファイル\System</Filter>
    </ClCompile>
    <ClCompile Include="ObjectBase.cpp">
      <Filter>ソース ファイル\Game\Object</Filter>
    </ClCompile>
    <ClCompile Include="ReSource.cpp">
      <Filter>ソース ファイル\Resource</Filter>
    </ClCompile>
    <ClCompile Include="CommonClass.cpp">
      <Filter>ソース ファイル\Result</Filter>
    </ClCompile>
    <ClCompile Include="Camera.cpp">
      <Filter>ソース ファイル\Game\Other</Filter>
    </ClCompile>
    <ClCompile Include="View.cpp">
      <Filter>ソース ファイル\Game\Other</Filter>
    </ClCompile>
    <ClCompile Include="HitBox.cpp">
      <Filter>ソース ファイル\Game\Object</Filter>
    </ClCompile>
    <ClCompile Include="anime.cpp">
      <Filter>ソース ファイル\System</Filter>
    </ClCompile>
    <ClCompile Include="Select.cpp">
      <Filter>ソース ファイル\System</Filter>
    </ClCompile>
    <ClCompile Include="Player.cpp">
      <Filter>ソース ファイル\Game\Object</Filter>
    </ClCompile>
    <ClCompile Include="Character.cpp">
      <Filter>ソース ファイル\Resource</Filter>
    </ClCompile>
  </ItemGroup>
  <ItemGroup>
    <ClInclude Include="main.h">
      <Filter>ソース ファイル</Filter>
    </ClInclude>
    <ClInclude Include="GameMgr.h">
      <Filter>ソース ファイル\Game</Filter>
    </ClInclude>
    <ClInclude Include="key.h">
      <Filter>ソース ファイル\System</Filter>
    </ClInclude>
    <ClInclude Include="Title.h">
      <Filter>ソース ファイル\Title</Filter>
    </ClInclude>
    <ClInclude Include="state.h">
      <Filter>ソース ファイル\System</Filter>
    </ClInclude>
    <ClInclude Include="Result.h">
      <Filter>ソース ファイル\Result</Filter>
    </ClInclude>
    <ClInclude Include="class.h">
      <Filter>ソース ファイル\Game</Filter>
    </ClInclude>
    <ClInclude Include="StateBase.h">
      <Filter>ソース ファイル\System</Filter>
    </ClInclude>
    <ClInclude Include="phadeout.h">
      <Filter>ソース ファイル\System</Filter>
    </ClInclude>
    <ClInclude Include="GV.h">
      <Filter>ソース ファイル\System</Filter>
    </ClInclude>
    <ClInclude Include="ObjectBase.h">
      <Filter>ソース ファイル\Game\Object</Filter>
    </ClInclude>
    <ClInclude Include="ObjectList.h">
      <Filter>ソース ファイル\Game\Object</Filter>
    </ClInclude>
    <ClInclude Include="CommonClass.h">
      <Filter>ソース ファイル\Result</Filter>
    </ClInclude>
    <ClInclude Include="Player.h">
      <Filter>ソース ファイル\Game\Object</Filter>
    </ClInclude>
    <ClInclude Include="Camera.h">
      <Filter>ソース ファイル\Game\Other</Filter>
    </ClInclude>
    <ClInclude Include="View.h">
      <Filter>ソース ファイル\Game\Other</Filter>
    </ClInclude>
    <ClInclude Include="HitBox.h">
      <Filter>ソース ファイル\Game\Object</Filter>
    </ClInclude>
    <ClInclude Include="anime.h">
      <Filter>ソース ファイル\System</Filter>
    </ClInclude>
    <ClInclude Include="Select.h">
      <Filter>ソース ファイル\System</Filter>
    </ClInclude>
    <ClInclude Include="ReSource.h">
      <Filter>ソース ファイル\Resource</Filter>
    </ClInclude>
    <ClInclude Include="Character.h">
      <Filter>ソース ファイル\Resource</Filter>
    </ClInclude>
  </ItemGroup>
</Project>